Microsoft Visual Studio Solution File, Format Version 11.00
# Visual Studio 2010
Project("{FAE04EC0-301F-11D3-BF4B-00C04F79EFBC}") = "AmazonSQS_Sample.VS2010", "AmazonSQS_Sample\AmazonSQS_Sample.VS2010.csproj", "{B35B77E8-ACB5-4DA2-B78F-C14E1F90BA89}"
EndProject
Global
	GlobalSection(SolutionConfigurationPlatforms) = preSolution
		Debug|Any CPU = Debug|Any CPU
		Release|Any CPU = Release|Any CPU
	EndGlobalSection
	GlobalSection(ProjectConfigurationPlatforms) = postSolution
		{B35B77E8-ACB5-4DA2-B78F-C14E1F90BA89}.Debug|Any CPU.ActiveCfg = Debug|Any CPU
		{B35B77E8-ACB5-4DA2-B78F-C14E1F90BA89}.Debug|Any CPU.Build.0 = Debug|Any CPU
		{B35B77E8-ACB5-4DA2-B78F-C14E1F90BA89}.Release|Any CPU.ActiveCfg = Release|Any CPU
		{B35B77E8-ACB5-4DA2-B78F-C14E1F90BA89}.Release|Any CPU.Build.0 = Release|Any CPU
	EndGlobalSection
	GlobalSection(SolutionProperties) = preSolution
		HideSolutionNode = FALSE
	EndGlobalSection
EndGlobal
