
Microsoft Visual Studio Solution File, Format Version 11.00
# Visual Studio 2010
Project("{FAE04EC0-301F-11D3-BF4B-00C04F79EFBC}") = "Alarm clock", "Alarm clock\Alarm clock.csproj", "{38423746-6331-4164-A3F3-D17D89729434}"
EndProject
Project("{FAE04EC0-301F-11D3-BF4B-00C04F79EFBC}") = "Count words", "Count words\Count words.csproj", "{3B493469-F78B-4E8B-A628-0900EEA305E6}"
EndProject
Project("{FAE04EC0-301F-11D3-BF4B-00C04F79EFBC}") = "Tracing with Rx", "Tracing with Rx\Tracing with Rx.csproj", "{7D51E409-99BE-466B-A9C7-49696DE1E098}"
EndProject
Project("{FAE04EC0-301F-11D3-BF4B-00C04F79EFBC}") = "CSV Viewer", "CSV Viewer\CSV Viewer.csproj", "{14797C21-FD6D-4E00-A5EF-2522958CFE8F}"
EndProject
Project("{FAE04EC0-301F-11D3-BF4B-00C04F79EFBC}") = "ToDictionary", "ToDictionary\ToDictionary.csproj", "{084247CB-37E3-4B5C-A5B2-F2DF790C2F8F}"
EndProject
Project("{FAE04EC0-301F-11D3-BF4B-00C04F79EFBC}") = "TelegramProblem", "TelegramProblem\TelegramProblem.csproj", "{A9CF5DA9-9CA9-437A-AF56-698B9447782E}"
EndProject
Project("{FAE04EC0-301F-11D3-BF4B-00C04F79EFBC}") = "IOperation wrapper for EBC", "IOperation wrapper for EBC\IOperation wrapper for EBC.csproj", "{0A24C7ED-CBBB-488D-A426-C55E2E25EA61}"
EndProject
Project("{2150E333-8FDC-42A3-9474-1A3956D46DE8}") = "Distribution", "Distribution", "{B2FBA0CE-F088-4A62-A5F8-D7B778E66902}"
EndProject
Project("{FAE04EC0-301F-11D3-BF4B-00C04F79EFBC}") = "DistributedHelloWorld.Client", "DistributedHelloWorld.Client\DistributedHelloWorld.Client.csproj", "{AD73F516-5FBF-46F2-9370-ECFFE27A3BC6}"
EndProject
Project("{FAE04EC0-301F-11D3-BF4B-00C04F79EFBC}") = "DistributedHelloWorld.Server", "DistributedHelloWorld.Server\DistributedHelloWorld.Server.csproj", "{E7700471-60C5-41C0-A4CB-AA7EBE87FCE4}"
EndProject
Project("{FAE04EC0-301F-11D3-BF4B-00C04F79EFBC}") = "xmastree.home", "xmastree.home\xmastree.home.csproj", "{4F1643A8-D387-43F3-A8CC-D3BAF6E97526}"
EndProject
Project("{FAE04EC0-301F-11D3-BF4B-00C04F79EFBC}") = "xmastree.factory", "xmastree.factory\xmastree.factory.csproj", "{5B799BAD-6131-4F44-824E-2D0F6B0DD5B2}"
EndProject
Project("{2150E333-8FDC-42A3-9474-1A3956D46DE8}") = "HelloWorld", "HelloWorld", "{B66B59CF-956C-4707-BEFD-69E484CEBBB6}"
EndProject
Project("{2150E333-8FDC-42A3-9474-1A3956D46DE8}") = "xmastree", "xmastree", "{7F07F357-5681-4060-842F-D2406285B051}"
EndProject
Global
	GlobalSection(SolutionConfigurationPlatforms) = preSolution
		Debug|Any CPU = Debug|Any CPU
		Debug|Mixed Platforms = Debug|Mixed Platforms
		Debug|x86 = Debug|x86
		Release|Any CPU = Release|Any CPU
		Release|Mixed Platforms = Release|Mixed Platforms
		Release|x86 = Release|x86
	EndGlobalSection
	GlobalSection(ProjectConfigurationPlatforms) = postSolution
		{38423746-6331-4164-A3F3-D17D89729434}.Debug|Any CPU.ActiveCfg = Debug|x86
		{38423746-6331-4164-A3F3-D17D89729434}.Debug|Mixed Platforms.ActiveCfg = Debug|x86
		{38423746-6331-4164-A3F3-D17D89729434}.Debug|Mixed Platforms.Build.0 = Debug|x86
		{38423746-6331-4164-A3F3-D17D89729434}.Debug|x86.ActiveCfg = Debug|x86
		{38423746-6331-4164-A3F3-D17D89729434}.Debug|x86.Build.0 = Debug|x86
		{38423746-6331-4164-A3F3-D17D89729434}.Release|Any CPU.ActiveCfg = Release|x86
		{38423746-6331-4164-A3F3-D17D89729434}.Release|Mixed Platforms.ActiveCfg = Release|x86
		{38423746-6331-4164-A3F3-D17D89729434}.Release|Mixed Platforms.Build.0 = Release|x86
		{38423746-6331-4164-A3F3-D17D89729434}.Release|x86.ActiveCfg = Release|x86
		{38423746-6331-4164-A3F3-D17D89729434}.Release|x86.Build.0 = Release|x86
		{3B493469-F78B-4E8B-A628-0900EEA305E6}.Debug|Any CPU.ActiveCfg = Debug|x86
		{3B493469-F78B-4E8B-A628-0900EEA305E6}.Debug|Mixed Platforms.ActiveCfg = Debug|x86
		{3B493469-F78B-4E8B-A628-0900EEA305E6}.Debug|Mixed Platforms.Build.0 = Debug|x86
		{3B493469-F78B-4E8B-A628-0900EEA305E6}.Debug|x86.ActiveCfg = Debug|x86
		{3B493469-F78B-4E8B-A628-0900EEA305E6}.Debug|x86.Build.0 = Debug|x86
		{3B493469-F78B-4E8B-A628-0900EEA305E6}.Release|Any CPU.ActiveCfg = Release|x86
		{3B493469-F78B-4E8B-A628-0900EEA305E6}.Release|Mixed Platforms.ActiveCfg = Release|x86
		{3B493469-F78B-4E8B-A628-0900EEA305E6}.Release|Mixed Platforms.Build.0 = Release|x86
		{3B493469-F78B-4E8B-A628-0900EEA305E6}.Release|x86.ActiveCfg = Release|x86
		{3B493469-F78B-4E8B-A628-0900EEA305E6}.Release|x86.Build.0 = Release|x86
		{7D51E409-99BE-466B-A9C7-49696DE1E098}.Debug|Any CPU.ActiveCfg = Debug|x86
		{7D51E409-99BE-466B-A9C7-49696DE1E098}.Debug|Mixed Platforms.ActiveCfg = Debug|x86
		{7D51E409-99BE-466B-A9C7-49696DE1E098}.Debug|Mixed Platforms.Build.0 = Debug|x86
		{7D51E409-99BE-466B-A9C7-49696DE1E098}.Debug|x86.ActiveCfg = Debug|x86
		{7D51E409-99BE-466B-A9C7-49696DE1E098}.Debug|x86.Build.0 = Debug|x86
		{7D51E409-99BE-466B-A9C7-49696DE1E098}.Release|Any CPU.ActiveCfg = Release|x86
		{7D51E409-99BE-466B-A9C7-49696DE1E098}.Release|Mixed Platforms.ActiveCfg = Release|x86
		{7D51E409-99BE-466B-A9C7-49696DE1E098}.Release|Mixed Platforms.Build.0 = Release|x86
		{7D51E409-99BE-466B-A9C7-49696DE1E098}.Release|x86.ActiveCfg = Release|x86
		{7D51E409-99BE-466B-A9C7-49696DE1E098}.Release|x86.Build.0 = Release|x86
		{14797C21-FD6D-4E00-A5EF-2522958CFE8F}.Debug|Any CPU.ActiveCfg = Debug|x86
		{14797C21-FD6D-4E00-A5EF-2522958CFE8F}.Debug|Mixed Platforms.ActiveCfg = Debug|x86
		{14797C21-FD6D-4E00-A5EF-2522958CFE8F}.Debug|Mixed Platforms.Build.0 = Debug|x86
		{14797C21-FD6D-4E00-A5EF-2522958CFE8F}.Debug|x86.ActiveCfg = Debug|x86
		{14797C21-FD6D-4E00-A5EF-2522958CFE8F}.Debug|x86.Build.0 = Debug|x86
		{14797C21-FD6D-4E00-A5EF-2522958CFE8F}.Release|Any CPU.ActiveCfg = Release|x86
		{14797C21-FD6D-4E00-A5EF-2522958CFE8F}.Release|Mixed Platforms.ActiveCfg = Release|x86
		{14797C21-FD6D-4E00-A5EF-2522958CFE8F}.Release|Mixed Platforms.Build.0 = Release|x86
		{14797C21-FD6D-4E00-A5EF-2522958CFE8F}.Release|x86.ActiveCfg = Release|x86
		{14797C21-FD6D-4E00-A5EF-2522958CFE8F}.Release|x86.Build.0 = Release|x86
		{084247CB-37E3-4B5C-A5B2-F2DF790C2F8F}.Debug|Any CPU.ActiveCfg = Debug|Any CPU
		{084247CB-37E3-4B5C-A5B2-F2DF790C2F8F}.Debug|Any CPU.Build.0 = Debug|Any CPU
		{084247CB-37E3-4B5C-A5B2-F2DF790C2F8F}.Debug|Mixed Platforms.ActiveCfg = Debug|Any CPU
		{084247CB-37E3-4B5C-A5B2-F2DF790C2F8F}.Debug|Mixed Platforms.Build.0 = Debug|Any CPU
		{084247CB-37E3-4B5C-A5B2-F2DF790C2F8F}.Debug|x86.ActiveCfg = Debug|Any CPU
		{084247CB-37E3-4B5C-A5B2-F2DF790C2F8F}.Release|Any CPU.ActiveCfg = Release|Any CPU
		{084247CB-37E3-4B5C-A5B2-F2DF790C2F8F}.Release|Any CPU.Build.0 = Release|Any CPU
		{084247CB-37E3-4B5C-A5B2-F2DF790C2F8F}.Release|Mixed Platforms.ActiveCfg = Release|Any CPU
		{084247CB-37E3-4B5C-A5B2-F2DF790C2F8F}.Release|Mixed Platforms.Build.0 = Release|Any CPU
		{084247CB-37E3-4B5C-A5B2-F2DF790C2F8F}.Release|x86.ActiveCfg = Release|Any CPU
		{A9CF5DA9-9CA9-437A-AF56-698B9447782E}.Debug|Any CPU.ActiveCfg = Debug|x86
		{A9CF5DA9-9CA9-437A-AF56-698B9447782E}.Debug|Mixed Platforms.ActiveCfg = Debug|x86
		{A9CF5DA9-9CA9-437A-AF56-698B9447782E}.Debug|Mixed Platforms.Build.0 = Debug|x86
		{A9CF5DA9-9CA9-437A-AF56-698B9447782E}.Debug|x86.ActiveCfg = Debug|x86
		{A9CF5DA9-9CA9-437A-AF56-698B9447782E}.Debug|x86.Build.0 = Debug|x86
		{A9CF5DA9-9CA9-437A-AF56-698B9447782E}.Release|Any CPU.ActiveCfg = Release|x86
		{A9CF5DA9-9CA9-437A-AF56-698B9447782E}.Release|Mixed Platforms.ActiveCfg = Release|x86
		{A9CF5DA9-9CA9-437A-AF56-698B9447782E}.Release|Mixed Platforms.Build.0 = Release|x86
		{A9CF5DA9-9CA9-437A-AF56-698B9447782E}.Release|x86.ActiveCfg = Release|x86
		{A9CF5DA9-9CA9-437A-AF56-698B9447782E}.Release|x86.Build.0 = Release|x86
		{0A24C7ED-CBBB-488D-A426-C55E2E25EA61}.Debug|Any CPU.ActiveCfg = Debug|x86
		{0A24C7ED-CBBB-488D-A426-C55E2E25EA61}.Debug|Mixed Platforms.ActiveCfg = Debug|x86
		{0A24C7ED-CBBB-488D-A426-C55E2E25EA61}.Debug|Mixed Platforms.Build.0 = Debug|x86
		{0A24C7ED-CBBB-488D-A426-C55E2E25EA61}.Debug|x86.ActiveCfg = Debug|x86
		{0A24C7ED-CBBB-488D-A426-C55E2E25EA61}.Debug|x86.Build.0 = Debug|x86
		{0A24C7ED-CBBB-488D-A426-C55E2E25EA61}.Release|Any CPU.ActiveCfg = Release|x86
		{0A24C7ED-CBBB-488D-A426-C55E2E25EA61}.Release|Mixed Platforms.ActiveCfg = Release|x86
		{0A24C7ED-CBBB-488D-A426-C55E2E25EA61}.Release|Mixed Platforms.Build.0 = Release|x86
		{0A24C7ED-CBBB-488D-A426-C55E2E25EA61}.Release|x86.ActiveCfg = Release|x86
		{0A24C7ED-CBBB-488D-A426-C55E2E25EA61}.Release|x86.Build.0 = Release|x86
		{AD73F516-5FBF-46F2-9370-ECFFE27A3BC6}.Debug|Any CPU.ActiveCfg = Debug|x86
		{AD73F516-5FBF-46F2-9370-ECFFE27A3BC6}.Debug|Mixed Platforms.ActiveCfg = Debug|x86
		{AD73F516-5FBF-46F2-9370-ECFFE27A3BC6}.Debug|Mixed Platforms.Build.0 = Debug|x86
		{AD73F516-5FBF-46F2-9370-ECFFE27A3BC6}.Debug|x86.ActiveCfg = Debug|x86
		{AD73F516-5FBF-46F2-9370-ECFFE27A3BC6}.Debug|x86.Build.0 = Debug|x86
		{AD73F516-5FBF-46F2-9370-ECFFE27A3BC6}.Release|Any CPU.ActiveCfg = Release|x86
		{AD73F516-5FBF-46F2-9370-ECFFE27A3BC6}.Release|Mixed Platforms.ActiveCfg = Release|x86
		{AD73F516-5FBF-46F2-9370-ECFFE27A3BC6}.Release|Mixed Platforms.Build.0 = Release|x86
		{AD73F516-5FBF-46F2-9370-ECFFE27A3BC6}.Release|x86.ActiveCfg = Release|x86
		{AD73F516-5FBF-46F2-9370-ECFFE27A3BC6}.Release|x86.Build.0 = Release|x86
		{E7700471-60C5-41C0-A4CB-AA7EBE87FCE4}.Debug|Any CPU.ActiveCfg = Debug|x86
		{E7700471-60C5-41C0-A4CB-AA7EBE87FCE4}.Debug|Mixed Platforms.ActiveCfg = Debug|x86
		{E7700471-60C5-41C0-A4CB-AA7EBE87FCE4}.Debug|Mixed Platforms.Build.0 = Debug|x86
		{E7700471-60C5-41C0-A4CB-AA7EBE87FCE4}.Debug|x86.ActiveCfg = Debug|x86
		{E7700471-60C5-41C0-A4CB-AA7EBE87FCE4}.Debug|x86.Build.0 = Debug|x86
		{E7700471-60C5-41C0-A4CB-AA7EBE87FCE4}.Release|Any CPU.ActiveCfg = Release|x86
		{E7700471-60C5-41C0-A4CB-AA7EBE87FCE4}.Release|Mixed Platforms.ActiveCfg = Release|x86
		{E7700471-60C5-41C0-A4CB-AA7EBE87FCE4}.Release|Mixed Platforms.Build.0 = Release|x86
		{E7700471-60C5-41C0-A4CB-AA7EBE87FCE4}.Release|x86.ActiveCfg = Release|x86
		{E7700471-60C5-41C0-A4CB-AA7EBE87FCE4}.Release|x86.Build.0 = Release|x86
		{4F1643A8-D387-43F3-A8CC-D3BAF6E97526}.Debug|Any CPU.ActiveCfg = Debug|x86
		{4F1643A8-D387-43F3-A8CC-D3BAF6E97526}.Debug|Mixed Platforms.ActiveCfg = Debug|x86
		{4F1643A8-D387-43F3-A8CC-D3BAF6E97526}.Debug|Mixed Platforms.Build.0 = Debug|x86
		{4F1643A8-D387-43F3-A8CC-D3BAF6E97526}.Debug|x86.ActiveCfg = Debug|x86
		{4F1643A8-D387-43F3-A8CC-D3BAF6E97526}.Debug|x86.Build.0 = Debug|x86
		{4F1643A8-D387-43F3-A8CC-D3BAF6E97526}.Release|Any CPU.ActiveCfg = Release|x86
		{4F1643A8-D387-43F3-A8CC-D3BAF6E97526}.Release|Mixed Platforms.ActiveCfg = Release|x86
		{4F1643A8-D387-43F3-A8CC-D3BAF6E97526}.Release|Mixed Platforms.Build.0 = Release|x86
		{4F1643A8-D387-43F3-A8CC-D3BAF6E97526}.Release|x86.ActiveCfg = Release|x86
		{4F1643A8-D387-43F3-A8CC-D3BAF6E97526}.Release|x86.Build.0 = Release|x86
		{5B799BAD-6131-4F44-824E-2D0F6B0DD5B2}.Debug|Any CPU.ActiveCfg = Debug|x86
		{5B799BAD-6131-4F44-824E-2D0F6B0DD5B2}.Debug|Mixed Platforms.ActiveCfg = Debug|x86
		{5B799BAD-6131-4F44-824E-2D0F6B0DD5B2}.Debug|Mixed Platforms.Build.0 = Debug|x86
		{5B799BAD-6131-4F44-824E-2D0F6B0DD5B2}.Debug|x86.ActiveCfg = Debug|x86
		{5B799BAD-6131-4F44-824E-2D0F6B0DD5B2}.Debug|x86.Build.0 = Debug|x86
		{5B799BAD-6131-4F44-824E-2D0F6B0DD5B2}.Release|Any CPU.ActiveCfg = Release|x86
		{5B799BAD-6131-4F44-824E-2D0F6B0DD5B2}.Release|Mixed Platforms.ActiveCfg = Release|x86
		{5B799BAD-6131-4F44-824E-2D0F6B0DD5B2}.Release|Mixed Platforms.Build.0 = Release|x86
		{5B799BAD-6131-4F44-824E-2D0F6B0DD5B2}.Release|x86.ActiveCfg = Release|x86
		{5B799BAD-6131-4F44-824E-2D0F6B0DD5B2}.Release|x86.Build.0 = Release|x86
	EndGlobalSection
	GlobalSection(SolutionProperties) = preSolution
		HideSolutionNode = FALSE
	EndGlobalSection
	GlobalSection(NestedProjects) = preSolution
		{B66B59CF-956C-4707-BEFD-69E484CEBBB6} = {B2FBA0CE-F088-4A62-A5F8-D7B778E66902}
		{7F07F357-5681-4060-842F-D2406285B051} = {B2FBA0CE-F088-4A62-A5F8-D7B778E66902}
		{AD73F516-5FBF-46F2-9370-ECFFE27A3BC6} = {B66B59CF-956C-4707-BEFD-69E484CEBBB6}
		{E7700471-60C5-41C0-A4CB-AA7EBE87FCE4} = {B66B59CF-956C-4707-BEFD-69E484CEBBB6}
		{5B799BAD-6131-4F44-824E-2D0F6B0DD5B2} = {7F07F357-5681-4060-842F-D2406285B051}
		{4F1643A8-D387-43F3-A8CC-D3BAF6E97526} = {7F07F357-5681-4060-842F-D2406285B051}
	EndGlobalSection
EndGlobal
