
Microsoft Visual Studio Solution File, Format Version 11.00
# Visual Studio 2010
Project("{FAE04EC0-301F-11D3-BF4B-00C04F79EFBC}") = "npantarhei.communication", "npantarhei.communication\npantarhei.communication.csproj", "{E768FE6C-35D2-4920-B3AA-0CE7B32DD1EE}"
EndProject
Project("{FAE04EC0-301F-11D3-BF4B-00C04F79EFBC}") = "npantarhei.communication.tests", "npantarhei.communication.tests\npantarhei.communication.tests.csproj", "{55B0D9FB-9E58-448A-A0FA-B568FECB57D4}"
EndProject
Global
	GlobalSection(SolutionConfigurationPlatforms) = preSolution
		Debug|Any CPU = Debug|Any CPU
		Release|Any CPU = Release|Any CPU
	EndGlobalSection
	GlobalSection(ProjectConfigurationPlatforms) = postSolution
		{E768FE6C-35D2-4920-B3AA-0CE7B32DD1EE}.Debug|Any CPU.ActiveCfg = Debug|Any CPU
		{E768FE6C-35D2-4920-B3AA-0CE7B32DD1EE}.Debug|Any CPU.Build.0 = Debug|Any CPU
		{E768FE6C-35D2-4920-B3AA-0CE7B32DD1EE}.Release|Any CPU.ActiveCfg = Release|Any CPU
		{E768FE6C-35D2-4920-B3AA-0CE7B32DD1EE}.Release|Any CPU.Build.0 = Release|Any CPU
		{55B0D9FB-9E58-448A-A0FA-B568FECB57D4}.Debug|Any CPU.ActiveCfg = Debug|Any CPU
		{55B0D9FB-9E58-448A-A0FA-B568FECB57D4}.Debug|Any CPU.Build.0 = Debug|Any CPU
		{55B0D9FB-9E58-448A-A0FA-B568FECB57D4}.Release|Any CPU.ActiveCfg = Release|Any CPU
		{55B0D9FB-9E58-448A-A0FA-B568FECB57D4}.Release|Any CPU.Build.0 = Release|Any CPU
	EndGlobalSection
	GlobalSection(SolutionProperties) = preSolution
		HideSolutionNode = FALSE
	EndGlobalSection
EndGlobal
